{
    "_readme": [
        "This file locks the dependencies of your project to a known state",
        "Read more about it at https://getcomposer.org/doc/01-basic-usage.md#installing-dependencies",
        "This file is @generated automatically"
    ],
    "content-hash": "79c0737ed1334b3f0e3e0d7490eadc05",
    "packages": [],
    "packages-dev": [
        {
            "name": "symplify/easy-coding-standard",
            "version": "dev-infinite-fixing-loop-detection",
            "source": {
                "type": "git",
                "url": "https://github.com/sustmi/easy-coding-standard.git",
                "reference": "1b8d022385eb918cc576ac3c300c9e9327401ce5"
            },
            "dist": {
                "type": "zip",
                "url": "https://api.github.com/repos/sustmi/easy-coding-standard/zipball/1b8d022385eb918cc576ac3c300c9e9327401ce5",
                "reference": "1b8d022385eb918cc576ac3c300c9e9327401ce5",
                "shasum": ""
            },
            "require": {
                "php": ">=7.2"
            },
            "conflict": {
                "friendsofphp/php-cs-fixer": "<3.0",
                "squizlabs/php_codesniffer": "<3.6"
            },
            "bin": [
                "bin/ecs"
            ],
            "type": "library",
            "autoload": {
                "files": [
                    "bootstrap.php"
                ]
            },
            "license": [
                "MIT"
            ],
            "description": "Use Coding Standard with 0-knowledge of PHP-CS-Fixer and PHP_CodeSniffer",
            "support": {
                "source": "https://github.com/sustmi/easy-coding-standard/tree/infinite-fixing-loop-detection"
            },
            "funding": [
                {
                    "type": "github",
                    "url": "https://github.com/tomasvotruba"
                },
                {
                    "type": "custom",
                    "url": "https://www.paypal.me/rectorphp"
                }
            ],
            "time": "2023-03-01T19:23:01+00:00"
        }
    ],
    "aliases": [],
    "minimum-stability": "stable",
    "stability-flags": {
        "symplify/easy-coding-standard": 20
    },
    "prefer-stable": false,
    "prefer-lowest": false,
    "platform": [],
    "platform-dev": [],
    "plugin-api-version": "2.3.0"
}
